{
  "name": "@johnnymorganz/stylua-bin",
  "version": "2.4.1",
  "lockfileVersion": 3,
  "requires": true,
  "packages": {
    "": {
      "name": "@johnnymorganz/stylua-bin",
      "version": "2.4.1",
      "license": "MPL-2.0",
      "bin": {
        "stylua": "run.js"
      },
      "engines": {
        "node": ">=10"
      },
      "optionalDependencies": {
        "@johnnymorganz/stylua-bin-darwin-arm64": "2.4.1",
        "@johnnymorganz/stylua-bin-darwin-x64": "2.4.1",
        "@johnnymorganz/stylua-bin-linux-arm64": "2.4.1",
        "@johnnymorganz/stylua-bin-linux-x64": "2.4.1",
        "@johnnymorganz/stylua-bin-win32-x64": "2.4.1"
      }
    }
  }
}
